<?xml version="1.0" encoding="UTF-8" standalone="yes" ?>
<CodeBlocks_project_file>
	<FileVersion major="1" minor="6" />
	<Project>
		<Option title="typedFile" />
		<Option pch_mode="2" />
		<Option compiler="gcc" />
		<Build>
			<Target title="Debug">
				<Option output="bin/Debug/typedFile" prefix_auto="1" extension_auto="1" />
				<Option object_output="obj/Debug/" />
				<Option type="1" />
				<Option compiler="gcc" />
				<Compiler>
					<Add option="-std=c++11" />
					<Add option="-g" />
					<Add option="-finput-charset=UTF-8" />
					<Add directory="include" />
				</Compiler>
			</Target>
			<Target title="Release">
				<Option output="bin/Release/typedFile" prefix_auto="1" extension_auto="1" />
				<Option object_output="obj/Release/" />
				<Option type="1" />
				<Option compiler="gcc" />
				<Compiler>
					<Add option="-O2" />
					<Add option="-finput-charset=UTF-8" />
					<Add directory="include" />
				</Compiler>
				<Linker>
					<Add option="-s" />
				</Linker>
			</Target>
		</Build>
		<Compiler>
			<Add option="-Wall" />
			<Add option="-std=c++11" />
			<Add option="-fexceptions" />
			<Add option="-finput-charset=UTF-8" />
		</Compiler>
		<Unit filename="include/BTree.h" />
		<Unit filename="include/Header.h" />
		<Unit filename="include/IntSerial.h" />
		<Unit filename="include/Node.h" />
		<Unit filename="include/OrderExternal.h" />
		<Unit filename="include/Record.h" />
		<Unit filename="include/Serializable.h" />
		<Unit filename="include/TypedFile.h" />
		<Unit filename="main.cpp" />
		<Unit filename="src/Header.cpp" />
		<Unit filename="src/IntSerial.cpp" />
		<Extensions />
	</Project>
</CodeBlocks_project_file>
